
Microsoft Visual Studio Solution File, Format Version 12.00
Project("{FAE04EC0-301F-11D3-BF4B-00C04F79EFBC}") = "Homework", "Homework\Homework\Homework.csproj", "{EBD1B9D9-5E55-4D15-BE31-622910215EB6}"
EndProject
Project("{FAE04EC0-301F-11D3-BF4B-00C04F79EFBC}") = "CalculatorTests", "Homework\CalculatorTests\CalculatorTests.csproj", "{D9D61E00-100D-42CA-BF58-9D72A07D5C97}"
EndProject
Project("{FAE04EC0-301F-11D3-BF4B-00C04F79EFBC}") = "Homework2", "Homework2\Homework2.csproj", "{6069B119-007B-49AA-9723-A4F3A0536612}"
EndProject
Project("{FAE04EC0-301F-11D3-BF4B-00C04F79EFBC}") = "Homework2IL", "Homework2IL\Homework2IL.ilproj", "{D34E05BF-3578-484E-9530-8DED43ECE032}"
EndProject
Project("{F2A71F9B-5D33-465A-A702-920D77279786}") = "Homework4", "Homework4\Homework4.fsproj", "{EF9EF68D-12F4-4E8A-89E5-C89A346B6D5D}"
EndProject
Project("{FAE04EC0-301F-11D3-BF4B-00C04F79EFBC}") = "Tests4", "Tests4\Tests4.csproj", "{640DE43F-BEA2-4C92-9DE3-EA8B5716851E}"
EndProject
Project("{F2A71F9B-5D33-465A-A702-920D77279786}") = "Homework5", "Homework5\Homework5.fsproj", "{E037E3EA-4F7E-4C8A-AB9B-8672850E19AC}"
EndProject
Project("{F2A71F9B-5D33-465A-A702-920D77279786}") = "Tests5", "Tests5\Tests5.fsproj", "{6027DCE0-C487-45F4-A50A-DA8A49484AEC}"
EndProject
Project("{F2A71F9B-5D33-465A-A702-920D77279786}") = "Homework6", "Homework6\Homework6.fsproj", "{61805B79-F4C7-459C-9130-D17CC4F3D683}"
EndProject
Project("{F2A71F9B-5D33-465A-A702-920D77279786}") = "Homework62", "Homework62\Homework62.fsproj", "{732419A4-0652-4469-946E-A26952AD0133}"
EndProject
Project("{FAE04EC0-301F-11D3-BF4B-00C04F79EFBC}") = "Tests6", "Tests6\Tests6.csproj", "{70544102-D335-41D0-86A7-EEB0F483F2A2}"
EndProject
Global
	GlobalSection(SolutionConfigurationPlatforms) = preSolution
		Debug|Any CPU = Debug|Any CPU
		Release|Any CPU = Release|Any CPU
	EndGlobalSection
	GlobalSection(ProjectConfigurationPlatforms) = postSolution
		{EBD1B9D9-5E55-4D15-BE31-622910215EB6}.Debug|Any CPU.ActiveCfg = Debug|Any CPU
		{EBD1B9D9-5E55-4D15-BE31-622910215EB6}.Debug|Any CPU.Build.0 = Debug|Any CPU
		{EBD1B9D9-5E55-4D15-BE31-622910215EB6}.Release|Any CPU.ActiveCfg = Release|Any CPU
		{EBD1B9D9-5E55-4D15-BE31-622910215EB6}.Release|Any CPU.Build.0 = Release|Any CPU
		{D9D61E00-100D-42CA-BF58-9D72A07D5C97}.Debug|Any CPU.ActiveCfg = Debug|Any CPU
		{D9D61E00-100D-42CA-BF58-9D72A07D5C97}.Debug|Any CPU.Build.0 = Debug|Any CPU
		{D9D61E00-100D-42CA-BF58-9D72A07D5C97}.Release|Any CPU.ActiveCfg = Release|Any CPU
		{D9D61E00-100D-42CA-BF58-9D72A07D5C97}.Release|Any CPU.Build.0 = Release|Any CPU
		{6069B119-007B-49AA-9723-A4F3A0536612}.Debug|Any CPU.ActiveCfg = Debug|Any CPU
		{6069B119-007B-49AA-9723-A4F3A0536612}.Debug|Any CPU.Build.0 = Debug|Any CPU
		{6069B119-007B-49AA-9723-A4F3A0536612}.Release|Any CPU.ActiveCfg = Release|Any CPU
		{6069B119-007B-49AA-9723-A4F3A0536612}.Release|Any CPU.Build.0 = Release|Any CPU
		{D34E05BF-3578-484E-9530-8DED43ECE032}.Debug|Any CPU.ActiveCfg = Debug|Any CPU
		{D34E05BF-3578-484E-9530-8DED43ECE032}.Debug|Any CPU.Build.0 = Debug|Any CPU
		{D34E05BF-3578-484E-9530-8DED43ECE032}.Release|Any CPU.ActiveCfg = Release|Any CPU
		{D34E05BF-3578-484E-9530-8DED43ECE032}.Release|Any CPU.Build.0 = Release|Any CPU
		{EF9EF68D-12F4-4E8A-89E5-C89A346B6D5D}.Debug|Any CPU.ActiveCfg = Debug|Any CPU
		{EF9EF68D-12F4-4E8A-89E5-C89A346B6D5D}.Debug|Any CPU.Build.0 = Debug|Any CPU
		{EF9EF68D-12F4-4E8A-89E5-C89A346B6D5D}.Release|Any CPU.ActiveCfg = Release|Any CPU
		{EF9EF68D-12F4-4E8A-89E5-C89A346B6D5D}.Release|Any CPU.Build.0 = Release|Any CPU
		{640DE43F-BEA2-4C92-9DE3-EA8B5716851E}.Debug|Any CPU.ActiveCfg = Debug|Any CPU
		{640DE43F-BEA2-4C92-9DE3-EA8B5716851E}.Debug|Any CPU.Build.0 = Debug|Any CPU
		{640DE43F-BEA2-4C92-9DE3-EA8B5716851E}.Release|Any CPU.ActiveCfg = Release|Any CPU
		{640DE43F-BEA2-4C92-9DE3-EA8B5716851E}.Release|Any CPU.Build.0 = Release|Any CPU
		{30D984B9-D02C-4042-998D-50886A797A49}.Debug|Any CPU.ActiveCfg = Debug|Any CPU
		{30D984B9-D02C-4042-998D-50886A797A49}.Debug|Any CPU.Build.0 = Debug|Any CPU
		{30D984B9-D02C-4042-998D-50886A797A49}.Release|Any CPU.ActiveCfg = Release|Any CPU
		{30D984B9-D02C-4042-998D-50886A797A49}.Release|Any CPU.Build.0 = Release|Any CPU
		{34DED526-FCF1-43A2-A8F8-76E87C9776CB}.Debug|Any CPU.ActiveCfg = Debug|Any CPU
		{34DED526-FCF1-43A2-A8F8-76E87C9776CB}.Debug|Any CPU.Build.0 = Debug|Any CPU
		{34DED526-FCF1-43A2-A8F8-76E87C9776CB}.Release|Any CPU.ActiveCfg = Release|Any CPU
		{34DED526-FCF1-43A2-A8F8-76E87C9776CB}.Release|Any CPU.Build.0 = Release|Any CPU
		{E037E3EA-4F7E-4C8A-AB9B-8672850E19AC}.Debug|Any CPU.ActiveCfg = Debug|Any CPU
		{E037E3EA-4F7E-4C8A-AB9B-8672850E19AC}.Debug|Any CPU.Build.0 = Debug|Any CPU
		{E037E3EA-4F7E-4C8A-AB9B-8672850E19AC}.Release|Any CPU.ActiveCfg = Release|Any CPU
		{E037E3EA-4F7E-4C8A-AB9B-8672850E19AC}.Release|Any CPU.Build.0 = Release|Any CPU
		{6027DCE0-C487-45F4-A50A-DA8A49484AEC}.Debug|Any CPU.ActiveCfg = Debug|Any CPU
		{6027DCE0-C487-45F4-A50A-DA8A49484AEC}.Debug|Any CPU.Build.0 = Debug|Any CPU
		{6027DCE0-C487-45F4-A50A-DA8A49484AEC}.Release|Any CPU.ActiveCfg = Release|Any CPU
		{6027DCE0-C487-45F4-A50A-DA8A49484AEC}.Release|Any CPU.Build.0 = Release|Any CPU
		{61805B79-F4C7-459C-9130-D17CC4F3D683}.Debug|Any CPU.ActiveCfg = Debug|Any CPU
		{61805B79-F4C7-459C-9130-D17CC4F3D683}.Debug|Any CPU.Build.0 = Debug|Any CPU
		{61805B79-F4C7-459C-9130-D17CC4F3D683}.Release|Any CPU.ActiveCfg = Release|Any CPU
		{61805B79-F4C7-459C-9130-D17CC4F3D683}.Release|Any CPU.Build.0 = Release|Any CPU
		{732419A4-0652-4469-946E-A26952AD0133}.Debug|Any CPU.ActiveCfg = Debug|Any CPU
		{732419A4-0652-4469-946E-A26952AD0133}.Debug|Any CPU.Build.0 = Debug|Any CPU
		{732419A4-0652-4469-946E-A26952AD0133}.Release|Any CPU.ActiveCfg = Release|Any CPU
		{732419A4-0652-4469-946E-A26952AD0133}.Release|Any CPU.Build.0 = Release|Any CPU
		{70544102-D335-41D0-86A7-EEB0F483F2A2}.Debug|Any CPU.ActiveCfg = Debug|Any CPU
		{70544102-D335-41D0-86A7-EEB0F483F2A2}.Debug|Any CPU.Build.0 = Debug|Any CPU
		{70544102-D335-41D0-86A7-EEB0F483F2A2}.Release|Any CPU.ActiveCfg = Release|Any CPU
		{70544102-D335-41D0-86A7-EEB0F483F2A2}.Release|Any CPU.Build.0 = Release|Any CPU
	EndGlobalSection
EndGlobal
